// !$*UTF8*$!
{
	archiveVersion = 1;
	classes = {
	};
	objectVersion = 77;
	objects = {

/* Begin PBXContainerItemProxy section */
		D878162B2E3DA59600EADE4A /* PBXContainerItemProxy */ = {
			isa = PBXContainerItemProxy;
			containerPortal = D8AFFD8F2E3131AB008AED40 /* Project object */;
			proxyType = 1;
			remoteGlobalIDString = D8AFFD962E3131AB008AED40;
			remoteInfo = FrameWeavers;
		};
		D8A0732B2E3D0F050085F99E /* PBXContainerItemProxy */ = {
			isa = PBXContainerItemProxy;
			containerPortal = D8AFFD8F2E3131AB008AED40 /* Project object */;
			proxyType = 1;
			remoteGlobalIDString = D8AFFD962E3131AB008AED40;
			remoteInfo = FrameWeavers;
		};
/* End PBXContainerItemProxy section */

/* Begin PBXFileReference section */
		D87816252E3DA59600EADE4A /* FrameWeaversUITests.xctest */ = {isa = PBXFileReference; explicitFileType = wrapper.cfbundle; includeInIndex = 0; path = FrameWeaversUITests.xctest; sourceTree = BUILT_PRODUCTS_DIR; };
		D8A073272E3D0F050085F99E /* FrameWeaversTests.xctest */ = {isa = PBXFileReference; explicitFileType = wrapper.cfbundle; includeInIndex = 0; path = FrameWeaversTests.xctest; sourceTree = BUILT_PRODUCTS_DIR; };
		D8AFFD972E3131AB008AED40 /* FrameWeavers.app */ = {isa = PBXFileReference; explicitFileType = wrapper.application; includeInIndex = 0; path = FrameWeavers.app; sourceTree = BUILT_PRODUCTS_DIR; };
/* End PBXFileReference section */

/* Begin PBXFileSystemSynchronizedBuildFileExceptionSet section */
		D811477C2E347D4F008252BA /* Exceptions for "FrameWeavers" folder in "FrameWeavers" target */ = {
			isa = PBXFileSystemSynchronizedBuildFileExceptionSet;
			membershipExceptions = (
				Info.plist,
			);
			target = D8AFFD962E3131AB008AED40 /* FrameWeavers */;
		};
/* End PBXFileSystemSynchronizedBuildFileExceptionSet section */

/* Begin PBXFileSystemSynchronizedRootGroup section */
		D87816262E3DA59600EADE4A /* FrameWeaversUITests */ = {
			isa = PBXFileSystemSynchronizedRootGroup;
			path = FrameWeaversUITests;
			sourceTree = "<group>";
		};
		D8A073282E3D0F050085F99E /* FrameWeaversTests */ = {
			isa = PBXFileSystemSynchronizedRootGroup;
			path = FrameWeaversTests;
			sourceTree = "<group>";
		};
		D8AFFD992E3131AB008AED40 /* FrameWeavers */ = {
			isa = PBXFileSystemSynchronizedRootGroup;
			exceptions = (
				D811477C2E347D4F008252BA /* Exceptions for "FrameWeavers" folder in "FrameWeavers" target */,
			);
			path = FrameWeavers;
			sourceTree = "<group>";
		};
/* End PBXFileSystemSynchronizedRootGroup section */

/* Begin PBXFrameworksBuildPhase section */
		D87816222E3DA59600EADE4A /* Frameworks */ = {
			isa = PBXFrameworksBuildPhase;
			buildActionMask = 2147483647;
			files = (
			);
			runOnlyForDeploymentPostprocessing = 0;
		};
		D8A073242E3D0F050085F99E /* Frameworks */ = {
			isa = PBXFrameworksBuildPhase;
			buildActionMask = 2147483647;
			files = (
			);
			runOnlyForDeploymentPostprocessing = 0;
		};
		D8AFFD942E3131AB008AED40 /* Frameworks */ = {
			isa = PBXFrameworksBuildPhase;
			buildActionMask = 2147483647;
			files = (
			);
			runOnlyForDeploymentPostprocessing = 0;
		};
/* End PBXFrameworksBuildPhase section */

/* Begin PBXGroup section */
		D8AFFD8E2E3131AB008AED40 = {
			isa = PBXGroup;
			children = (
				D8AFFD992E3131AB008AED40 /* FrameWeavers */,
				D8A073282E3D0F050085F99E /* FrameWeaversTests */,
				D87816262E3DA59600EADE4A /* FrameWeaversUITests */,
				D8AFFD982E3131AB008AED40 /* Products */,
			);
			sourceTree = "<group>";
		};
		D8AFFD982E3131AB008AED40 /* Products */ = {
			isa = PBXGroup;
			children = (
				D8AFFD972E3131AB008AED40 /* FrameWeavers.app */,
				D8A073272E3D0F050085F99E /* FrameWeaversTests.xctest */,
				D87816252E3DA59600EADE4A /* FrameWeaversUITests.xctest */,
			);
			name = Products;
			sourceTree = "<group>";
		};
/* End PBXGroup section */

/* Begin PBXNativeTarget section */
		D87816242E3DA59600EADE4A /* FrameWeaversUITests */ = {
			isa = PBXNativeTarget;
			buildConfigurationList = D878162D2E3DA59600EADE4A /* Build configuration list for PBXNativeTarget "FrameWeaversUITests" */;
			buildPhases = (
				D87816212E3DA59600EADE4A /* Sources */,
				D87816222E3DA59600EADE4A /* Frameworks */,
				D87816232E3DA59600EADE4A /* Resources */,
			);
			buildRules = (
			);
			dependencies = (
				D878162C2E3DA59600EADE4A /* PBXTargetDependency */,
			);
			fileSystemSynchronizedGroups = (
				D87816262E3DA59600EADE4A /* FrameWeaversUITests */,
			);
			name = FrameWeaversUITests;
			packageProductDependencies = (
			);
			productName = FrameWeaversUITests;
			productReference = D87816252E3DA59600EADE4A /* FrameWeaversUITests.xctest */;
			productType = "com.apple.product-type.bundle.ui-testing";
		};
		D8A073262E3D0F050085F99E /* FrameWeaversTests */ = {
			isa = PBXNativeTarget;
			buildConfigurationList = D8A0732D2E3D0F050085F99E /* Build configuration list for PBXNativeTarget "FrameWeaversTests" */;
			buildPhases = (
				D8A073232E3D0F050085F99E /* Sources */,
				D8A073242E3D0F050085F99E /* Frameworks */,
				D8A073252E3D0F050085F99E /* Resources */,
			);
			buildRules = (
			);
			dependencies = (
				D8A0732C2E3D0F050085F99E /* PBXTargetDependency */,
			);
			fileSystemSynchronizedGroups = (
				D8A073282E3D0F050085F99E /* FrameWeaversTests */,
			);
			name = FrameWeaversTests;
			packageProductDependencies = (
			);
			productName = FrameWeaversTests;
			productReference = D8A073272E3D0F050085F99E /* FrameWeaversTests.xctest */;
			productType = "com.apple.product-type.bundle.unit-test";
		};
		D8AFFD962E3131AB008AED40 /* FrameWeavers */ = {
			isa = PBXNativeTarget;
			buildConfigurationList = D8AFFDA42E3131AC008AED40 /* Build configuration list for PBXNativeTarget "FrameWeavers" */;
			buildPhases = (
				D8AFFD932E3131AB008AED40 /* Sources */,
				D8AFFD942E3131AB008AED40 /* Frameworks */,
				D8AFFD952E3131AB008AED40 /* Resources */,
			);
			buildRules = (
			);
			dependencies = (
			);
			fileSystemSynchronizedGroups = (
				D8AFFD992E3131AB008AED40 /* FrameWeavers */,
			);
			name = FrameWeavers;
			packageProductDependencies = (
			);
			productName = FrameWeavers;
			productReference = D8AFFD972E3131AB008AED40 /* FrameWeavers.app */;
			productType = "com.apple.product-type.application";
		};
/* End PBXNativeTarget section */

/* Begin PBXProject section */
		D8AFFD8F2E3131AB008AED40 /* Project object */ = {
			isa = PBXProject;
			attributes = {
				BuildIndependentTargetsInParallel = 1;
				LastSwiftUpdateCheck = 1630;
				LastUpgradeCheck = 1630;
				TargetAttributes = {
					D87816242E3DA59600EADE4A = {
						CreatedOnToolsVersion = 16.3;
						TestTargetID = D8AFFD962E3131AB008AED40;
					};
					D8A073262E3D0F050085F99E = {
						CreatedOnToolsVersion = 16.3;
						TestTargetID = D8AFFD962E3131AB008AED40;
					};
					D8AFFD962E3131AB008AED40 = {
						CreatedOnToolsVersion = 16.3;
					};
				};
			};
			buildConfigurationList = D8AFFD922E3131AB008AED40 /* Build configuration list for PBXProject "FrameWeavers" */;
			developmentRegion = en;
			hasScannedForEncodings = 0;
			knownRegions = (
				en,
				Base,
			);
			mainGroup = D8AFFD8E2E3131AB008AED40;
			minimizedProjectReferenceProxies = 1;
			preferredProjectObjectVersion = 77;
			productRefGroup = D8AFFD982E3131AB008AED40 /* Products */;
			projectDirPath = "";
			projectRoot = "";
			targets = (
				D8AFFD962E3131AB008AED40 /* FrameWeavers */,
				D8A073262E3D0F050085F99E /* FrameWeaversTests */,
				D87816242E3DA59600EADE4A /* FrameWeaversUITests */,
			);
		};
/* End PBXProject section */

/* Begin PBXResourcesBuildPhase section */
		D87816232E3DA59600EADE4A /* Resources */ = {
			isa = PBXResourcesBuildPhase;
			buildActionMask = 2147483647;
			files = (
			);
			runOnlyForDeploymentPostprocessing = 0;
		};
		D8A073252E3D0F050085F99E /* Resources */ = {
			isa = PBXResourcesBuildPhase;
			buildActionMask = 2147483647;
			files = (
			);
			runOnlyForDeploymentPostprocessing = 0;
		};
		D8AFFD952E3131AB008AED40 /* Resources */ = {
			isa = PBXResourcesBuildPhase;
			buildActionMask = 2147483647;
			files = (
			);
			runOnlyForDeploymentPostprocessing = 0;
		};
/* End PBXResourcesBuildPhase section */

/* Begin PBXSourcesBuildPhase section */
		D87816212E3DA59600EADE4A /* Sources */ = {
			isa = PBXSourcesBuildPhase;
			buildActionMask = 2147483647;
			files = (
			);
			runOnlyForDeploymentPostprocessing = 0;
		};
		D8A073232E3D0F050085F99E /* Sources */ = {
			isa = PBXSourcesBuildPhase;
			buildActionMask = 2147483647;
			files = (
			);
			runOnlyForDeploymentPostprocessing = 0;
		};
		D8AFFD932E3131AB008AED40 /* Sources */ = {
			isa = PBXSourcesBuildPhase;
			buildActionMask = 2147483647;
			files = (
			);
			runOnlyForDeploymentPostprocessing = 0;
		};
/* End PBXSourcesBuildPhase section */

/* Begin PBXTargetDependency section */
		D878162C2E3DA59600EADE4A /* PBXTargetDependency */ = {
			isa = PBXTargetDependency;
			target = D8AFFD962E3131AB008AED40 /* FrameWeavers */;
			targetProxy = D878162B2E3DA59600EADE4A /* PBXContainerItemProxy */;
		};
		D8A0732C2E3D0F050085F99E /* PBXTargetDependency */ = {
			isa = PBXTargetDependency;
			target = D8AFFD962E3131AB008AED40 /* FrameWeavers */;
			targetProxy = D8A0732B2E3D0F050085F99E /* PBXContainerItemProxy */;
		};
/* End PBXTargetDependency section */

/* Begin XCBuildConfiguration section */
		D878162E2E3DA59600EADE4A /* Debug */ = {
			isa = XCBuildConfiguration;
			buildSettings = {
				CODE_SIGN_STYLE = Automatic;
				CURRENT_PROJECT_VERSION = 1;
				DEVELOPMENT_TEAM = RDQHYSDFFG;
				GENERATE_INFOPLIST_FILE = YES;
				MARKETING_VERSION = 1.0;
				PRODUCT_BUNDLE_IDENTIFIER = com.chiimagnus.FrameWeaversUITests;
				PRODUCT_NAME = "$(TARGET_NAME)";
				SWIFT_EMIT_LOC_STRINGS = NO;
				SWIFT_VERSION = 5.0;
				TARGETED_DEVICE_FAMILY = "1,2";
				TEST_TARGET_NAME = FrameWeavers;
			};
			name = Debug;
		};
		D878162F2E3DA59600EADE4A /* Release */ = {
			isa = XCBuildConfiguration;
			buildSettings = {
				CODE_SIGN_STYLE = Automatic;
				CURRENT_PROJECT_VERSION = 1;
				DEVELOPMENT_TEAM = RDQHYSDFFG;
				GENERATE_INFOPLIST_FILE = YES;
				MARKETING_VERSION = 1.0;
				PRODUCT_BUNDLE_IDENTIFIER = com.chiimagnus.FrameWeaversUITests;
				PRODUCT_NAME = "$(TARGET_NAME)";
				SWIFT_EMIT_LOC_STRINGS = NO;
				SWIFT_VERSION = 5.0;
				TARGETED_DEVICE_FAMILY = "1,2";
				TEST_TARGET_NAME = FrameWeavers;
			};
			name = Release;
		};
		D8A0732E2E3D0F050085F99E /* Debug */ = {
			isa = XCBuildConfiguration;
			buildSettings = {
				BUNDLE_LOADER = "$(TEST_HOST)";
				CODE_SIGN_STYLE = Automatic;
				CURRENT_PROJECT_VERSION = 1;
				DEVELOPMENT_TEAM = RDQHYSDFFG;
				GENERATE_INFOPLIST_FILE = YES;
				MARKETING_VERSION = 1.0;
				PRODUCT_BUNDLE_IDENTIFIER = com.chiimagnus.FrameWeaversTests;
				PRODUCT_NAME = "$(TARGET_NAME)";
				SWIFT_EMIT_LOC_STRINGS = NO;
				SWIFT_VERSION = 5.0;
				TARGETED_DEVICE_FAMILY = "1,2";
				TEST_HOST = "$(BUILT_PRODUCTS_DIR)/FrameWeavers.app/$(BUNDLE_EXECUTABLE_FOLDER_PATH)/FrameWeavers";
			};
			name = Debug;
		};
		D8A0732F2E3D0F050085F99E /* Release */ = {
			isa = XCBuildConfiguration;
			buildSettings = {
				BUNDLE_LOADER = "$(TEST_HOST)";
				CODE_SIGN_STYLE = Automatic;
				CURRENT_PROJECT_VERSION = 1;
				DEVELOPMENT_TEAM = RDQHYSDFFG;
				GENERATE_INFOPLIST_FILE = YES;
				MARKETING_VERSION = 1.0;
				PRODUCT_BUNDLE_IDENTIFIER = com.chiimagnus.FrameWeaversTests;
				PRODUCT_NAME = "$(TARGET_NAME)";
				SWIFT_EMIT_LOC_STRINGS = NO;
				SWIFT_VERSION = 5.0;
				TARGETED_DEVICE_FAMILY = "1,2";
				TEST_HOST = "$(BUILT_PRODUCTS_DIR)/FrameWeavers.app/$(BUNDLE_EXECUTABLE_FOLDER_PATH)/FrameWeavers";
			};
			name = Release;
		};
		D8AFFDA22E3131AC008AED40 /* Debug */ = {
			isa = XCBuildConfiguration;
			buildSettings = {
				ALWAYS_SEARCH_USER_PATHS = NO;
				ASSETCATALOG_COMPILER_GENERATE_SWIFT_ASSET_SYMBOL_EXTENSIONS = YES;
				CLANG_ANALYZER_NONNULL = YES;
				CLANG_ANALYZER_NUMBER_OBJECT_CONVERSION = YES_AGGRESSIVE;
				CLANG_CXX_LANGUAGE_STANDARD = "gnu++20";
				CLANG_ENABLE_MODULES = YES;
				CLANG_ENABLE_OBJC_ARC = YES;
				CLANG_ENABLE_OBJC_WEAK = YES;
				CLANG_WARN_BLOCK_CAPTURE_AUTORELEASING = YES;
				CLANG_WARN_BOOL_CONVERSION = YES;
				CLANG_WARN_COMMA = YES;
				CLANG_WARN_CONSTANT_CONVERSION = YES;
				CLANG_WARN_DEPRECATED_OBJC_IMPLEMENTATIONS = YES;
				CLANG_WARN_DIRECT_OBJC_ISA_USAGE = YES_ERROR;
				CLANG_WARN_DOCUMENTATION_COMMENTS = YES;
				CLANG_WARN_EMPTY_BODY = YES;
				CLANG_WARN_ENUM_CONVERSION = YES;
				CLANG_WARN_INFINITE_RECURSION = YES;
				CLANG_WARN_INT_CONVERSION = YES;
				CLANG_WARN_NON_LITERAL_NULL_CONVERSION = YES;
				CLANG_WARN_OBJC_IMPLICIT_RETAIN_SELF = YES;
				CLANG_WARN_OBJC_LITERAL_CONVERSION = YES;
				CLANG_WARN_OBJC_ROOT_CLASS = YES_ERROR;
				CLANG_WARN_QUOTED_INCLUDE_IN_FRAMEWORK_HEADER = YES;
				CLANG_WARN_RANGE_LOOP_ANALYSIS = YES;
				CLANG_WARN_STRICT_PROTOTYPES = YES;
				CLANG_WARN_SUSPICIOUS_MOVE = YES;
				CLANG_WARN_UNGUARDED_AVAILABILITY = YES_AGGRESSIVE;
				CLANG_WARN_UNREACHABLE_CODE = YES;
				CLANG_WARN__DUPLICATE_METHOD_MATCH = YES;
				COPY_PHASE_STRIP = NO;
				DEBUG_INFORMATION_FORMAT = dwarf;
				DEVELOPMENT_TEAM = RDQHYSDFFG;
				ENABLE_STRICT_OBJC_MSGSEND = YES;
				ENABLE_TESTABILITY = YES;
				ENABLE_USER_SCRIPT_SANDBOXING = YES;
				GCC_C_LANGUAGE_STANDARD = gnu17;
				GCC_DYNAMIC_NO_PIC = NO;
				GCC_NO_COMMON_BLOCKS = YES;
				GCC_OPTIMIZATION_LEVEL = 0;
				GCC_PREPROCESSOR_DEFINITIONS = (
					"DEBUG=1",
					"$(inherited)",
				);
				GCC_WARN_64_TO_32_BIT_CONVERSION = YES;
				GCC_WARN_ABOUT_RETURN_TYPE = YES_ERROR;
				GCC_WARN_UNDECLARED_SELECTOR = YES;
				GCC_WARN_UNINITIALIZED_AUTOS = YES_AGGRESSIVE;
				GCC_WARN_UNUSED_FUNCTION = YES;
				GCC_WARN_UNUSED_VARIABLE = YES;
				IPHONEOS_DEPLOYMENT_TARGET = 18.4;
				LOCALIZATION_PREFERS_STRING_CATALOGS = YES;
				MTL_ENABLE_DEBUG_INFO = INCLUDE_SOURCE;
				MTL_FAST_MATH = YES;
				ONLY_ACTIVE_ARCH = YES;
				SDKROOT = iphoneos;
				SWIFT_ACTIVE_COMPILATION_CONDITIONS = "DEBUG $(inherited)";
				SWIFT_OPTIMIZATION_LEVEL = "-Onone";
			};
			name = Debug;
		};
		D8AFFDA32E3131AC008AED40 /* Release */ = {
			isa = XCBuildConfiguration;
			buildSettings = {
				ALWAYS_SEARCH_USER_PATHS = NO;
				ASSETCATALOG_COMPILER_GENERATE_SWIFT_ASSET_SYMBOL_EXTENSIONS = YES;
				CLANG_ANALYZER_NONNULL = YES;
				CLANG_ANALYZER_NUMBER_OBJECT_CONVERSION = YES_AGGRESSIVE;
				CLANG_CXX_LANGUAGE_STANDARD = "gnu++20";
				CLANG_ENABLE_MODULES = YES;
				CLANG_ENABLE_OBJC_ARC = YES;
				CLANG_ENABLE_OBJC_WEAK = YES;
				CLANG_WARN_BLOCK_CAPTURE_AUTORELEASING = YES;
				CLANG_WARN_BOOL_CONVERSION = YES;
				CLANG_WARN_COMMA = YES;
				CLANG_WARN_CONSTANT_CONVERSION = YES;
				CLANG_WARN_DEPRECATED_OBJC_IMPLEMENTATIONS = YES;
				CLANG_WARN_DIRECT_OBJC_ISA_USAGE = YES_ERROR;
				CLANG_WARN_DOCUMENTATION_COMMENTS = YES;
				CLANG_WARN_EMPTY_BODY = YES;
				CLANG_WARN_ENUM_CONVERSION = YES;
				CLANG_WARN_INFINITE_RECURSION = YES;
				CLANG_WARN_INT_CONVERSION = YES;
				CLANG_WARN_NON_LITERAL_NULL_CONVERSION = YES;
				CLANG_WARN_OBJC_IMPLICIT_RETAIN_SELF = YES;
				CLANG_WARN_OBJC_LITERAL_CONVERSION = YES;
				CLANG_WARN_OBJC_ROOT_CLASS = YES_ERROR;
				CLANG_WARN_QUOTED_INCLUDE_IN_FRAMEWORK_HEADER = YES;
				CLANG_WARN_RANGE_LOOP_ANALYSIS = YES;
				CLANG_WARN_STRICT_PROTOTYPES = YES;
				CLANG_WARN_SUSPICIOUS_MOVE = YES;
				CLANG_WARN_UNGUARDED_AVAILABILITY = YES_AGGRESSIVE;
				CLANG_WARN_UNREACHABLE_CODE = YES;
				CLANG_WARN__DUPLICATE_METHOD_MATCH = YES;
				COPY_PHASE_STRIP = NO;
				DEBUG_INFORMATION_FORMAT = "dwarf-with-dsym";
				DEVELOPMENT_TEAM = RDQHYSDFFG;
				ENABLE_NS_ASSERTIONS = NO;
				ENABLE_STRICT_OBJC_MSGSEND = YES;
				ENABLE_USER_SCRIPT_SANDBOXING = YES;
				GCC_C_LANGUAGE_STANDARD = gnu17;
				GCC_NO_COMMON_BLOCKS = YES;
				GCC_WARN_64_TO_32_BIT_CONVERSION = YES;
				GCC_WARN_ABOUT_RETURN_TYPE = YES_ERROR;
				GCC_WARN_UNDECLARED_SELECTOR = YES;
				GCC_WARN_UNINITIALIZED_AUTOS = YES_AGGRESSIVE;
				GCC_WARN_UNUSED_FUNCTION = YES;
				GCC_WARN_UNUSED_VARIABLE = YES;
				IPHONEOS_DEPLOYMENT_TARGET = 18.4;
				LOCALIZATION_PREFERS_STRING_CATALOGS = YES;
				MTL_ENABLE_DEBUG_INFO = NO;
				MTL_FAST_MATH = YES;
				SDKROOT = iphoneos;
				SWIFT_COMPILATION_MODE = wholemodule;
				VALIDATE_PRODUCT = YES;
			};
			name = Release;
		};
		D8AFFDA52E3131AC008AED40 /* Debug */ = {
			isa = XCBuildConfiguration;
			buildSettings = {
				ASSETCATALOG_COMPILER_APPICON_NAME = AppIcon;
				ASSETCATALOG_COMPILER_GLOBAL_ACCENT_COLOR_NAME = AccentColor;
				CODE_SIGN_ENTITLEMENTS = FrameWeavers/FrameWeavers.entitlements;
				CODE_SIGN_STYLE = Automatic;
				CURRENT_PROJECT_VERSION = 5;
				DEVELOPMENT_TEAM = RDQHYSDFFG;
				ENABLE_PREVIEWS = YES;
				GENERATE_INFOPLIST_FILE = YES;
				INFOPLIST_FILE = FrameWeavers/Info.plist;
				INFOPLIST_KEY_UIApplicationSceneManifest_Generation = YES;
				INFOPLIST_KEY_UIApplicationSupportsIndirectInputEvents = YES;
				INFOPLIST_KEY_UILaunchScreen_Generation = YES;
				INFOPLIST_KEY_UISupportedInterfaceOrientations_iPad = "UIInterfaceOrientationPortrait UIInterfaceOrientationPortraitUpsideDown UIInterfaceOrientationLandscapeLeft UIInterfaceOrientationLandscapeRight";
				INFOPLIST_KEY_UISupportedInterfaceOrientations_iPhone = "UIInterfaceOrientationPortrait UIInterfaceOrientationLandscapeLeft UIInterfaceOrientationLandscapeRight";
				IPHONEOS_DEPLOYMENT_TARGET = 17;
				LD_RUNPATH_SEARCH_PATHS = (
					"$(inherited)",
					"@executable_path/Frameworks",
				);
				MARKETING_VERSION = 1.0;
				PRODUCT_BUNDLE_IDENTIFIER = com.chiimagnus.FrameWeavers;
				PRODUCT_NAME = "$(TARGET_NAME)";
				SWIFT_EMIT_LOC_STRINGS = YES;
				SWIFT_VERSION = 5.0;
				TARGETED_DEVICE_FAMILY = "1,2";
			};
			name = Debug;
		};
		D8AFFDA62E3131AC008AED40 /* Release */ = {
			isa = XCBuildConfiguration;
			buildSettings = {
				ASSETCATALOG_COMPILER_APPICON_NAME = AppIcon;
				ASSETCATALOG_COMPILER_GLOBAL_ACCENT_COLOR_NAME = AccentColor;
				CODE_SIGN_ENTITLEMENTS = FrameWeavers/FrameWeavers.entitlements;
				CODE_SIGN_STYLE = Automatic;
				CURRENT_PROJECT_VERSION = 5;
				DEVELOPMENT_TEAM = RDQHYSDFFG;
				ENABLE_PREVIEWS = YES;
				GENERATE_INFOPLIST_FILE = YES;
				INFOPLIST_FILE = FrameWeavers/Info.plist;
				INFOPLIST_KEY_UIApplicationSceneManifest_Generation = YES;
				INFOPLIST_KEY_UIApplicationSupportsIndirectInputEvents = YES;
				INFOPLIST_KEY_UILaunchScreen_Generation = YES;
				INFOPLIST_KEY_UISupportedInterfaceOrientations_iPad = "UIInterfaceOrientationPortrait UIInterfaceOrientationPortraitUpsideDown UIInterfaceOrientationLandscapeLeft UIInterfaceOrientationLandscapeRight";
				INFOPLIST_KEY_UISupportedInterfaceOrientations_iPhone = "UIInterfaceOrientationPortrait UIInterfaceOrientationLandscapeLeft UIInterfaceOrientationLandscapeRight";
				IPHONEOS_DEPLOYMENT_TARGET = 17;
				LD_RUNPATH_SEARCH_PATHS = (
					"$(inherited)",
					"@executable_path/Frameworks",
				);
				MARKETING_VERSION = 1.0;
				PRODUCT_BUNDLE_IDENTIFIER = com.chiimagnus.FrameWeavers;
				PRODUCT_NAME = "$(TARGET_NAME)";
				SWIFT_EMIT_LOC_STRINGS = YES;
				SWIFT_VERSION = 5.0;
				TARGETED_DEVICE_FAMILY = "1,2";
			};
			name = Release;
		};
/* End XCBuildConfiguration section */

/* Begin XCConfigurationList section */
		D878162D2E3DA59600EADE4A /* Build configuration list for PBXNativeTarget "FrameWeaversUITests" */ = {
			isa = XCConfigurationList;
			buildConfigurations = (
				D878162E2E3DA59600EADE4A /* Debug */,
				D878162F2E3DA59600EADE4A /* Release */,
			);
			defaultConfigurationIsVisible = 0;
			defaultConfigurationName = Release;
		};
		D8A0732D2E3D0F050085F99E /* Build configuration list for PBXNativeTarget "FrameWeaversTests" */ = {
			isa = XCConfigurationList;
			buildConfigurations = (
				D8A0732E2E3D0F050085F99E /* Debug */,
				D8A0732F2E3D0F050085F99E /* Release */,
			);
			defaultConfigurationIsVisible = 0;
			defaultConfigurationName = Release;
		};
		D8AFFD922E3131AB008AED40 /* Build configuration list for PBXProject "FrameWeavers" */ = {
			isa = XCConfigurationList;
			buildConfigurations = (
				D8AFFDA22E3131AC008AED40 /* Debug */,
				D8AFFDA32E3131AC008AED40 /* Release */,
			);
			defaultConfigurationIsVisible = 0;
			defaultConfigurationName = Release;
		};
		D8AFFDA42E3131AC008AED40 /* Build configuration list for PBXNativeTarget "FrameWeavers" */ = {
			isa = XCConfigurationList;
			buildConfigurations = (
				D8AFFDA52E3131AC008AED40 /* Debug */,
				D8AFFDA62E3131AC008AED40 /* Release */,
			);
			defaultConfigurationIsVisible = 0;
			defaultConfigurationName = Release;
		};
/* End XCConfigurationList section */
	};
	rootObject = D8AFFD8F2E3131AB008AED40 /* Project object */;
}
